
Microsoft Visual Studio Solution File, Format Version 12.00
# Visual Studio Version 17
VisualStudioVersion = 17.6.33723.286
MinimumVisualStudioVersion = 10.0.40219.1
Project("{FAE04EC0-301F-11D3-BF4B-00C04F79EFBC}") = "WebApi", "WebApi\WebApi.csproj", "{82AAD9E5-472E-4D28-852F-3ECBFAA4099B}"
EndProject
Project("{FAE04EC0-301F-11D3-BF4B-00C04F79EFBC}") = "Persistence", "Persistence\Persistence.csproj", "{DD7EB240-4551-4E95-9853-C205A4A337CA}"
EndProject
Project("{FAE04EC0-301F-11D3-BF4B-00C04F79EFBC}") = "Domain", "Domain\Domain.csproj", "{83B98B89-BED7-4F49-B9D4-DF796E64592C}"
EndProject
Project("{FAE04EC0-301F-11D3-BF4B-00C04F79EFBC}") = "Application", "Application\Application.csproj", "{9A5A083C-42E0-4B4A-B936-1C37DFDBEDD6}"
EndProject
Project("{FAE04EC0-301F-11D3-BF4B-00C04F79EFBC}") = "Infrastructure", "Infrastructure\Infrastructure.csproj", "{D6DB89E0-9BFC-44DE-A518-CEC4C064B5A0}"
EndProject
Global
	GlobalSection(SolutionConfigurationPlatforms) = preSolution
		Debug|Any CPU = Debug|Any CPU
		Release|Any CPU = Release|Any CPU
	EndGlobalSection
	GlobalSection(ProjectConfigurationPlatforms) = postSolution
		{82AAD9E5-472E-4D28-852F-3ECBFAA4099B}.Debug|Any CPU.ActiveCfg = Debug|Any CPU
		{82AAD9E5-472E-4D28-852F-3ECBFAA4099B}.Debug|Any CPU.Build.0 = Debug|Any CPU
		{82AAD9E5-472E-4D28-852F-3ECBFAA4099B}.Release|Any CPU.ActiveCfg = Release|Any CPU
		{82AAD9E5-472E-4D28-852F-3ECBFAA4099B}.Release|Any CPU.Build.0 = Release|Any CPU
		{DD7EB240-4551-4E95-9853-C205A4A337CA}.Debug|Any CPU.ActiveCfg = Debug|Any CPU
		{DD7EB240-4551-4E95-9853-C205A4A337CA}.Debug|Any CPU.Build.0 = Debug|Any CPU
		{DD7EB240-4551-4E95-9853-C205A4A337CA}.Release|Any CPU.ActiveCfg = Release|Any CPU
		{DD7EB240-4551-4E95-9853-C205A4A337CA}.Release|Any CPU.Build.0 = Release|Any CPU
		{83B98B89-BED7-4F49-B9D4-DF796E64592C}.Debug|Any CPU.ActiveCfg = Debug|Any CPU
		{83B98B89-BED7-4F49-B9D4-DF796E64592C}.Debug|Any CPU.Build.0 = Debug|Any CPU
		{83B98B89-BED7-4F49-B9D4-DF796E64592C}.Release|Any CPU.ActiveCfg = Release|Any CPU
		{83B98B89-BED7-4F49-B9D4-DF796E64592C}.Release|Any CPU.Build.0 = Release|Any CPU
		{9A5A083C-42E0-4B4A-B936-1C37DFDBEDD6}.Debug|Any CPU.ActiveCfg = Debug|Any CPU
		{9A5A083C-42E0-4B4A-B936-1C37DFDBEDD6}.Debug|Any CPU.Build.0 = Debug|Any CPU
		{9A5A083C-42E0-4B4A-B936-1C37DFDBEDD6}.Release|Any CPU.ActiveCfg = Release|Any CPU
		{9A5A083C-42E0-4B4A-B936-1C37DFDBEDD6}.Release|Any CPU.Build.0 = Release|Any CPU
		{D6DB89E0-9BFC-44DE-A518-CEC4C064B5A0}.Debug|Any CPU.ActiveCfg = Debug|Any CPU
		{D6DB89E0-9BFC-44DE-A518-CEC4C064B5A0}.Debug|Any CPU.Build.0 = Debug|Any CPU
		{D6DB89E0-9BFC-44DE-A518-CEC4C064B5A0}.Release|Any CPU.ActiveCfg = Release|Any CPU
		{D6DB89E0-9BFC-44DE-A518-CEC4C064B5A0}.Release|Any CPU.Build.0 = Release|Any CPU
	EndGlobalSection
	GlobalSection(SolutionProperties) = preSolution
		HideSolutionNode = FALSE
	EndGlobalSection
	GlobalSection(ExtensibilityGlobals) = postSolution
		SolutionGuid = {C1234DA1-FB0E-4399-949D-791369BC1378}
	EndGlobalSection
EndGlobal
